
Microsoft Visual Studio Solution File, Format Version 12.00
# Visual Studio Version 16
VisualStudioVersion = 16.0.29411.108
MinimumVisualStudioVersion = 10.0.40219.1
Project("{FAE04EC0-301F-11D3-BF4B-00C04F79EFBC}") = "SingletonConsoleApp", "SingletonConsoleApp\SingletonConsoleApp.csproj", "{AE303437-B9B0-46E2-A4F6-18285AC7234B}"
EndProject
Global
	GlobalSection(SolutionConfigurationPlatforms) = preSolution
		Debug|Any CPU = Debug|Any CPU
		Release|Any CPU = Release|Any CPU
	EndGlobalSection
	GlobalSection(ProjectConfigurationPlatforms) = postSolution
		{AE303437-B9B0-46E2-A4F6-18285AC7234B}.Debug|Any CPU.ActiveCfg = Debug|Any CPU
		{AE303437-B9B0-46E2-A4F6-18285AC7234B}.Debug|Any CPU.Build.0 = Debug|Any CPU
		{AE303437-B9B0-46E2-A4F6-18285AC7234B}.Release|Any CPU.ActiveCfg = Release|Any CPU
		{AE303437-B9B0-46E2-A4F6-18285AC7234B}.Release|Any CPU.Build.0 = Release|Any CPU
	EndGlobalSection
	GlobalSection(SolutionProperties) = preSolution
		HideSolutionNode = FALSE
	EndGlobalSection
	GlobalSection(ExtensibilityGlobals) = postSolution
		SolutionGuid = {A22CB279-26AD-4E36-9E9F-381604C47BC8}
	EndGlobalSection
EndGlobal
